
Microsoft Visual Studio Solution File, Format Version 12.00
# Visual Studio 14
VisualStudioVersion = 14.0.25420.1
MinimumVisualStudioVersion = 10.0.40219.1
Project("{2150E333-8FDC-42A3-9474-1A3956D46DE8}") = "src", "src", "{4DC2B175-3D10-437F-AB05-0F52C9DD26D9}"
EndProject
Project("{FAE04EC0-301F-11D3-BF4B-00C04F79EFBC}") = "Findit.DL", "src\Findit.DL\Findit.DL.csproj", "{6139827F-C064-4279-9C4A-DEA2209BFA87}"
EndProject
Project("{FAE04EC0-301F-11D3-BF4B-00C04F79EFBC}") = "Findit.DTO", "src\Findit.DTO\Findit.DTO.csproj", "{7A74C88E-971F-4B7F-B6BA-D203C7C58A4A}"
EndProject
Project("{FAE04EC0-301F-11D3-BF4B-00C04F79EFBC}") = "Findit.API", "src\Findit.API\Findit.API.csproj", "{D518D864-2687-4B62-B50C-3FB29868D8C6}"
EndProject
Global
	GlobalSection(SolutionConfigurationPlatforms) = preSolution
		Debug|Any CPU = Debug|Any CPU
		Release|Any CPU = Release|Any CPU
	EndGlobalSection
	GlobalSection(ProjectConfigurationPlatforms) = postSolution
		{6139827F-C064-4279-9C4A-DEA2209BFA87}.Debug|Any CPU.ActiveCfg = Debug|Any CPU
		{6139827F-C064-4279-9C4A-DEA2209BFA87}.Debug|Any CPU.Build.0 = Debug|Any CPU
		{6139827F-C064-4279-9C4A-DEA2209BFA87}.Release|Any CPU.ActiveCfg = Release|Any CPU
		{6139827F-C064-4279-9C4A-DEA2209BFA87}.Release|Any CPU.Build.0 = Release|Any CPU
		{7A74C88E-971F-4B7F-B6BA-D203C7C58A4A}.Debug|Any CPU.ActiveCfg = Debug|Any CPU
		{7A74C88E-971F-4B7F-B6BA-D203C7C58A4A}.Debug|Any CPU.Build.0 = Debug|Any CPU
		{7A74C88E-971F-4B7F-B6BA-D203C7C58A4A}.Release|Any CPU.ActiveCfg = Release|Any CPU
		{7A74C88E-971F-4B7F-B6BA-D203C7C58A4A}.Release|Any CPU.Build.0 = Release|Any CPU
		{D518D864-2687-4B62-B50C-3FB29868D8C6}.Debug|Any CPU.ActiveCfg = Debug|Any CPU
		{D518D864-2687-4B62-B50C-3FB29868D8C6}.Debug|Any CPU.Build.0 = Debug|Any CPU
		{D518D864-2687-4B62-B50C-3FB29868D8C6}.Release|Any CPU.ActiveCfg = Release|Any CPU
		{D518D864-2687-4B62-B50C-3FB29868D8C6}.Release|Any CPU.Build.0 = Release|Any CPU
	EndGlobalSection
	GlobalSection(SolutionProperties) = preSolution
		HideSolutionNode = FALSE
	EndGlobalSection
	GlobalSection(NestedProjects) = preSolution
		{6139827F-C064-4279-9C4A-DEA2209BFA87} = {4DC2B175-3D10-437F-AB05-0F52C9DD26D9}
		{7A74C88E-971F-4B7F-B6BA-D203C7C58A4A} = {4DC2B175-3D10-437F-AB05-0F52C9DD26D9}
		{D518D864-2687-4B62-B50C-3FB29868D8C6} = {4DC2B175-3D10-437F-AB05-0F52C9DD26D9}
	EndGlobalSection
EndGlobal
